
Microsoft Visual Studio Solution File, Format Version 12.00
# Visual Studio Version 17
VisualStudioVersion = 17.8.34309.116
MinimumVisualStudioVersion = 10.0.40219.1
Project("{FAE04EC0-301F-11D3-BF4B-00C04F79EFBC}") = "USDT_PaymentSystem", "USDT_PaymentSystem\USDT_PaymentSystem.csproj", "{91A117B3-00A8-4E9A-B9C3-8B3816C3978C}"
EndProject
Global
	GlobalSection(SolutionConfigurationPlatforms) = preSolution
		Debug|Any CPU = Debug|Any CPU
		Release|Any CPU = Release|Any CPU
	EndGlobalSection
	GlobalSection(ProjectConfigurationPlatforms) = postSolution
		{91A117B3-00A8-4E9A-B9C3-8B3816C3978C}.Debug|Any CPU.ActiveCfg = Debug|Any CPU
		{91A117B3-00A8-4E9A-B9C3-8B3816C3978C}.Debug|Any CPU.Build.0 = Debug|Any CPU
		{91A117B3-00A8-4E9A-B9C3-8B3816C3978C}.Release|Any CPU.ActiveCfg = Release|Any CPU
		{91A117B3-00A8-4E9A-B9C3-8B3816C3978C}.Release|Any CPU.Build.0 = Release|Any CPU
	EndGlobalSection
	GlobalSection(SolutionProperties) = preSolution
		HideSolutionNode = FALSE
	EndGlobalSection
	GlobalSection(ExtensibilityGlobals) = postSolution
		SolutionGuid = {55AE74A6-DDF6-461F-94B3-B4C5477C684D}
	EndGlobalSection
EndGlobal
